
Microsoft Visual Studio Solution File, Format Version 12.00
# Visual Studio Version 17
VisualStudioVersion = 17.5.33627.172
MinimumVisualStudioVersion = 10.0.40219.1
Project("{FAE04EC0-301F-11D3-BF4B-00C04F79EFBC}") = "OnlineExaminationSystem_Back_End", "OnlineExaminationSystem_Back_End\OnlineExaminationSystem_Back_End.csproj", "{535F2E89-4F4D-41DB-8F5B-2EBC0C60FB3C}"
EndProject
Project("{FAE04EC0-301F-11D3-BF4B-00C04F79EFBC}") = "OnlineExaminationSystem_Back_End_DAL", "OnlineExaminationSystem_Back_End_DAL\OnlineExaminationSystem_Back_End_DAL.csproj", "{9F425B12-7C7A-4605-91D7-3BFA22D95BD6}"
EndProject
Global
	GlobalSection(SolutionConfigurationPlatforms) = preSolution
		Debug|Any CPU = Debug|Any CPU
		Release|Any CPU = Release|Any CPU
	EndGlobalSection
	GlobalSection(ProjectConfigurationPlatforms) = postSolution
		{535F2E89-4F4D-41DB-8F5B-2EBC0C60FB3C}.Debug|Any CPU.ActiveCfg = Debug|Any CPU
		{535F2E89-4F4D-41DB-8F5B-2EBC0C60FB3C}.Debug|Any CPU.Build.0 = Debug|Any CPU
		{535F2E89-4F4D-41DB-8F5B-2EBC0C60FB3C}.Release|Any CPU.ActiveCfg = Release|Any CPU
		{535F2E89-4F4D-41DB-8F5B-2EBC0C60FB3C}.Release|Any CPU.Build.0 = Release|Any CPU
		{9F425B12-7C7A-4605-91D7-3BFA22D95BD6}.Debug|Any CPU.ActiveCfg = Debug|Any CPU
		{9F425B12-7C7A-4605-91D7-3BFA22D95BD6}.Debug|Any CPU.Build.0 = Debug|Any CPU
		{9F425B12-7C7A-4605-91D7-3BFA22D95BD6}.Release|Any CPU.ActiveCfg = Release|Any CPU
		{9F425B12-7C7A-4605-91D7-3BFA22D95BD6}.Release|Any CPU.Build.0 = Release|Any CPU
	EndGlobalSection
	GlobalSection(SolutionProperties) = preSolution
		HideSolutionNode = FALSE
	EndGlobalSection
	GlobalSection(ExtensibilityGlobals) = postSolution
		SolutionGuid = {A50400B6-04C0-46C7-A4CA-40B3CC22F7DE}
	EndGlobalSection
EndGlobal
